
Microsoft Visual Studio Solution File, Format Version 12.00
# Visual Studio Version 17
VisualStudioVersion = 17.1.32407.343
MinimumVisualStudioVersion = 10.0.40219.1
Project("{2150E333-8FDC-42A3-9474-1A3956D46DE8}") = "Taxa", "Taxa", "{3E64D3FE-0A28-457B-8E13-72BEF9FF4D2C}"
EndProject
Project("{2150E333-8FDC-42A3-9474-1A3956D46DE8}") = "Calculadora", "Calculadora", "{DDB52AD6-BB1F-406A-A364-4F66C28EFB95}"
EndProject
Project("{9A19103F-16F7-4668-BE54-9A1E7A4F7556}") = "Taxa.Dominio", "Taxa.Dominio\Taxa.Dominio.csproj", "{B8A25472-4F48-490B-A87E-A0336DBC6D13}"
EndProject
Project("{9A19103F-16F7-4668-BE54-9A1E7A4F7556}") = "Taxa.Infra.Repositorio", "Taxa.Infra.Repositorio\Taxa.Infra.Repositorio.csproj", "{A8252C6B-73BD-42AC-8614-9E8BDB41EA79}"
EndProject
Project("{9A19103F-16F7-4668-BE54-9A1E7A4F7556}") = "Taxa.Aplicacao", "Taxa.Aplicacao\Taxa.Aplicacao.csproj", "{26731A3E-DE0D-49DA-A58F-19D4A241CF96}"
EndProject
Project("{9A19103F-16F7-4668-BE54-9A1E7A4F7556}") = "Taxa.API", "Taxa.API\Taxa.API.csproj", "{A6855C30-76E2-4B53-B24A-BD26E114D237}"
EndProject
Project("{9A19103F-16F7-4668-BE54-9A1E7A4F7556}") = "Taxa.Infra.IoC", "Taxa.Infra.IoC\Taxa.Infra.IoC.csproj", "{029A320C-2622-4E4F-B75C-3FCC86ED6F8C}"
EndProject
Project("{2150E333-8FDC-42A3-9474-1A3956D46DE8}") = "Teste", "Teste", "{4B82FB5D-A460-46C9-A9FC-E28BFA00FF7C}"
EndProject
Project("{9A19103F-16F7-4668-BE54-9A1E7A4F7556}") = "Taxa.Dominio.UnitTest", "Taxa.Dominio.UnitTest\Taxa.Dominio.UnitTest.csproj", "{DDC68284-033F-42E3-85FA-DC5982F16E0B}"
EndProject
Project("{9A19103F-16F7-4668-BE54-9A1E7A4F7556}") = "Calculadora.API", "Calculadora.API\Calculadora.API.csproj", "{D2BF6EDD-C2C6-40E3-AAF4-404C12690116}"
EndProject
Project("{9A19103F-16F7-4668-BE54-9A1E7A4F7556}") = "Calculadora.Aplicacao", "Calculadora.Aplicacao\Calculadora.Aplicacao.csproj", "{8DB940E0-0725-4EFA-98B4-5A3E47EF0AC1}"
EndProject
Project("{9A19103F-16F7-4668-BE54-9A1E7A4F7556}") = "Calculadora.Dominio", "Calculadora.Dominio\Calculadora.Dominio.csproj", "{BB1A5D0B-7321-4424-929E-8EF8A4952AFB}"
EndProject
Project("{9A19103F-16F7-4668-BE54-9A1E7A4F7556}") = "Calculadora.Infra.IoC", "Calculadora.Infra.IoC\Calculadora.Infra.IoC.csproj", "{C04B2CBA-9420-4B69-B7F2-3A677FB34BD1}"
EndProject
Project("{9A19103F-16F7-4668-BE54-9A1E7A4F7556}") = "Calculadora.Infra.Web", "Calculadora.Infra.Web\Calculadora.Infra.Web.csproj", "{D67204E1-13EE-4072-B533-B98C0BF6383D}"
EndProject
Project("{2150E333-8FDC-42A3-9474-1A3956D46DE8}") = "Teste", "Teste", "{79ACB794-DF39-46DA-B738-49C976BE6DB6}"
EndProject
Project("{FAE04EC0-301F-11D3-BF4B-00C04F79EFBC}") = "Calculadora.Dominio.UnitTest", "Calculadora.Dominio.UnitTest\Calculadora.Dominio.UnitTest.csproj", "{FE855FE3-1EC3-4BBD-874B-E58E05CA5693}"
EndProject
Global
	GlobalSection(SolutionConfigurationPlatforms) = preSolution
		Debug|Any CPU = Debug|Any CPU
		Release|Any CPU = Release|Any CPU
	EndGlobalSection
	GlobalSection(ProjectConfigurationPlatforms) = postSolution
		{B8A25472-4F48-490B-A87E-A0336DBC6D13}.Debug|Any CPU.ActiveCfg = Debug|Any CPU
		{B8A25472-4F48-490B-A87E-A0336DBC6D13}.Debug|Any CPU.Build.0 = Debug|Any CPU
		{B8A25472-4F48-490B-A87E-A0336DBC6D13}.Release|Any CPU.ActiveCfg = Release|Any CPU
		{B8A25472-4F48-490B-A87E-A0336DBC6D13}.Release|Any CPU.Build.0 = Release|Any CPU
		{A8252C6B-73BD-42AC-8614-9E8BDB41EA79}.Debug|Any CPU.ActiveCfg = Debug|Any CPU
		{A8252C6B-73BD-42AC-8614-9E8BDB41EA79}.Debug|Any CPU.Build.0 = Debug|Any CPU
		{A8252C6B-73BD-42AC-8614-9E8BDB41EA79}.Release|Any CPU.ActiveCfg = Release|Any CPU
		{A8252C6B-73BD-42AC-8614-9E8BDB41EA79}.Release|Any CPU.Build.0 = Release|Any CPU
		{26731A3E-DE0D-49DA-A58F-19D4A241CF96}.Debug|Any CPU.ActiveCfg = Debug|Any CPU
		{26731A3E-DE0D-49DA-A58F-19D4A241CF96}.Debug|Any CPU.Build.0 = Debug|Any CPU
		{26731A3E-DE0D-49DA-A58F-19D4A241CF96}.Release|Any CPU.ActiveCfg = Release|Any CPU
		{26731A3E-DE0D-49DA-A58F-19D4A241CF96}.Release|Any CPU.Build.0 = Release|Any CPU
		{A6855C30-76E2-4B53-B24A-BD26E114D237}.Debug|Any CPU.ActiveCfg = Debug|Any CPU
		{A6855C30-76E2-4B53-B24A-BD26E114D237}.Debug|Any CPU.Build.0 = Debug|Any CPU
		{A6855C30-76E2-4B53-B24A-BD26E114D237}.Release|Any CPU.ActiveCfg = Release|Any CPU
		{A6855C30-76E2-4B53-B24A-BD26E114D237}.Release|Any CPU.Build.0 = Release|Any CPU
		{029A320C-2622-4E4F-B75C-3FCC86ED6F8C}.Debug|Any CPU.ActiveCfg = Debug|Any CPU
		{029A320C-2622-4E4F-B75C-3FCC86ED6F8C}.Debug|Any CPU.Build.0 = Debug|Any CPU
		{029A320C-2622-4E4F-B75C-3FCC86ED6F8C}.Release|Any CPU.ActiveCfg = Release|Any CPU
		{029A320C-2622-4E4F-B75C-3FCC86ED6F8C}.Release|Any CPU.Build.0 = Release|Any CPU
		{DDC68284-033F-42E3-85FA-DC5982F16E0B}.Debug|Any CPU.ActiveCfg = Debug|Any CPU
		{DDC68284-033F-42E3-85FA-DC5982F16E0B}.Debug|Any CPU.Build.0 = Debug|Any CPU
		{DDC68284-033F-42E3-85FA-DC5982F16E0B}.Release|Any CPU.ActiveCfg = Release|Any CPU
		{DDC68284-033F-42E3-85FA-DC5982F16E0B}.Release|Any CPU.Build.0 = Release|Any CPU
		{D2BF6EDD-C2C6-40E3-AAF4-404C12690116}.Debug|Any CPU.ActiveCfg = Debug|Any CPU
		{D2BF6EDD-C2C6-40E3-AAF4-404C12690116}.Debug|Any CPU.Build.0 = Debug|Any CPU
		{D2BF6EDD-C2C6-40E3-AAF4-404C12690116}.Release|Any CPU.ActiveCfg = Release|Any CPU
		{D2BF6EDD-C2C6-40E3-AAF4-404C12690116}.Release|Any CPU.Build.0 = Release|Any CPU
		{8DB940E0-0725-4EFA-98B4-5A3E47EF0AC1}.Debug|Any CPU.ActiveCfg = Debug|Any CPU
		{8DB940E0-0725-4EFA-98B4-5A3E47EF0AC1}.Debug|Any CPU.Build.0 = Debug|Any CPU
		{8DB940E0-0725-4EFA-98B4-5A3E47EF0AC1}.Release|Any CPU.ActiveCfg = Release|Any CPU
		{8DB940E0-0725-4EFA-98B4-5A3E47EF0AC1}.Release|Any CPU.Build.0 = Release|Any CPU
		{BB1A5D0B-7321-4424-929E-8EF8A4952AFB}.Debug|Any CPU.ActiveCfg = Debug|Any CPU
		{BB1A5D0B-7321-4424-929E-8EF8A4952AFB}.Debug|Any CPU.Build.0 = Debug|Any CPU
		{BB1A5D0B-7321-4424-929E-8EF8A4952AFB}.Release|Any CPU.ActiveCfg = Release|Any CPU
		{BB1A5D0B-7321-4424-929E-8EF8A4952AFB}.Release|Any CPU.Build.0 = Release|Any CPU
		{C04B2CBA-9420-4B69-B7F2-3A677FB34BD1}.Debug|Any CPU.ActiveCfg = Debug|Any CPU
		{C04B2CBA-9420-4B69-B7F2-3A677FB34BD1}.Debug|Any CPU.Build.0 = Debug|Any CPU
		{C04B2CBA-9420-4B69-B7F2-3A677FB34BD1}.Release|Any CPU.ActiveCfg = Release|Any CPU
		{C04B2CBA-9420-4B69-B7F2-3A677FB34BD1}.Release|Any CPU.Build.0 = Release|Any CPU
		{D67204E1-13EE-4072-B533-B98C0BF6383D}.Debug|Any CPU.ActiveCfg = Debug|Any CPU
		{D67204E1-13EE-4072-B533-B98C0BF6383D}.Debug|Any CPU.Build.0 = Debug|Any CPU
		{D67204E1-13EE-4072-B533-B98C0BF6383D}.Release|Any CPU.ActiveCfg = Release|Any CPU
		{D67204E1-13EE-4072-B533-B98C0BF6383D}.Release|Any CPU.Build.0 = Release|Any CPU
		{FE855FE3-1EC3-4BBD-874B-E58E05CA5693}.Debug|Any CPU.ActiveCfg = Debug|Any CPU
		{FE855FE3-1EC3-4BBD-874B-E58E05CA5693}.Debug|Any CPU.Build.0 = Debug|Any CPU
		{FE855FE3-1EC3-4BBD-874B-E58E05CA5693}.Release|Any CPU.ActiveCfg = Release|Any CPU
		{FE855FE3-1EC3-4BBD-874B-E58E05CA5693}.Release|Any CPU.Build.0 = Release|Any CPU
	EndGlobalSection
	GlobalSection(SolutionProperties) = preSolution
		HideSolutionNode = FALSE
	EndGlobalSection
	GlobalSection(NestedProjects) = preSolution
		{B8A25472-4F48-490B-A87E-A0336DBC6D13} = {3E64D3FE-0A28-457B-8E13-72BEF9FF4D2C}
		{A8252C6B-73BD-42AC-8614-9E8BDB41EA79} = {3E64D3FE-0A28-457B-8E13-72BEF9FF4D2C}
		{26731A3E-DE0D-49DA-A58F-19D4A241CF96} = {3E64D3FE-0A28-457B-8E13-72BEF9FF4D2C}
		{A6855C30-76E2-4B53-B24A-BD26E114D237} = {3E64D3FE-0A28-457B-8E13-72BEF9FF4D2C}
		{029A320C-2622-4E4F-B75C-3FCC86ED6F8C} = {3E64D3FE-0A28-457B-8E13-72BEF9FF4D2C}
		{4B82FB5D-A460-46C9-A9FC-E28BFA00FF7C} = {3E64D3FE-0A28-457B-8E13-72BEF9FF4D2C}
		{DDC68284-033F-42E3-85FA-DC5982F16E0B} = {4B82FB5D-A460-46C9-A9FC-E28BFA00FF7C}
		{D2BF6EDD-C2C6-40E3-AAF4-404C12690116} = {DDB52AD6-BB1F-406A-A364-4F66C28EFB95}
		{8DB940E0-0725-4EFA-98B4-5A3E47EF0AC1} = {DDB52AD6-BB1F-406A-A364-4F66C28EFB95}
		{BB1A5D0B-7321-4424-929E-8EF8A4952AFB} = {DDB52AD6-BB1F-406A-A364-4F66C28EFB95}
		{C04B2CBA-9420-4B69-B7F2-3A677FB34BD1} = {DDB52AD6-BB1F-406A-A364-4F66C28EFB95}
		{D67204E1-13EE-4072-B533-B98C0BF6383D} = {DDB52AD6-BB1F-406A-A364-4F66C28EFB95}
		{79ACB794-DF39-46DA-B738-49C976BE6DB6} = {DDB52AD6-BB1F-406A-A364-4F66C28EFB95}
		{FE855FE3-1EC3-4BBD-874B-E58E05CA5693} = {79ACB794-DF39-46DA-B738-49C976BE6DB6}
	EndGlobalSection
	GlobalSection(ExtensibilityGlobals) = postSolution
		SolutionGuid = {955CA56D-7D8F-4035-BD0C-27B65DA176FF}
	EndGlobalSection
EndGlobal
